{
  "requires": true,
  "lockfileVersion": 1,
  "dependencies": {
    "@mapbox/geojson-area": {
      "version": "0.2.2",
      "resolved": "https://registry.npmjs.org/@mapbox/geojson-area/-/geojson-area-0.2.2.tgz",
      "integrity": "sha1-GNeBSqNr8j+7zDefjiaiKSfevxA=",
      "requires": {
        "wgs84": "0.0.0"
      }
    },
    "@turf/area": {
      "version": "4.7.3",
      "resolved": "https://registry.npmjs.org/@turf/area/-/area-4.7.3.tgz",
      "integrity": "sha1-XMRbWlJOmOHBcecZBwnGacppkwU=",
      "requires": {
        "@mapbox/geojson-area": "0.2.2",
        "@turf/meta": "4.7.3"
      }
    },
    "@turf/difference": {
      "version": "4.7.3",
      "resolved": "https://registry.npmjs.org/@turf/difference/-/difference-4.7.3.tgz",
      "integrity": "sha1-MZJI6tPUyXAJ0C7ZhS2kD7GIBlc=",
      "requires": {
        "@turf/area": "4.7.3",
        "@turf/helpers": "4.7.3",
        "@turf/invariant": "4.7.3",
        "@turf/meta": "4.7.3",
        "jsts": "1.3.0"
      }
    },
    "@turf/helpers": {
      "version": "4.7.3",
      "resolved": "https://registry.npmjs.org/@turf/helpers/-/helpers-4.7.3.tgz",
      "integrity": "sha1-vDEqxDyrPFMqSDFRxMOCxWSUKek="
    },
    "@turf/intersect": {
      "version": "4.7.3",
      "resolved": "https://registry.npmjs.org/@turf/intersect/-/intersect-4.7.3.tgz",
      "integrity": "sha1-3HBiSHhDMLHLvVsuTuVgr13mOUk=",
      "requires": {
        "@turf/truncate": "4.7.3",
        "jsts": "1.3.0"
      }
    },
    "@turf/invariant": {
      "version": "4.7.3",
      "resolved": "https://registry.npmjs.org/@turf/invariant/-/invariant-4.7.3.tgz",
      "integrity": "sha1-U482fSPBE/yEnXDJpSS4Vjh0YB0="
    },
    "@turf/meta": {
      "version": "4.7.3",
      "resolved": "https://registry.npmjs.org/@turf/meta/-/meta-4.7.3.tgz",
      "integrity": "sha1-A4lwF46QyOQ899/tedV4IpihCA0="
    },
    "@turf/truncate": {
      "version": "4.7.3",
      "resolved": "https://registry.npmjs.org/@turf/truncate/-/truncate-4.7.3.tgz",
      "integrity": "sha1-gnqN+P8Mn/+dzxpLMUXL3vgPuZM=",
      "requires": {
        "@turf/meta": "4.7.3"
      }
    },
    "jsts": {
      "version": "1.3.0",
      "resolved": "https://registry.npmjs.org/jsts/-/jsts-1.3.0.tgz",
      "integrity": "sha1-6Tp2+XrJvafUYl2dZHDw1grIDkU="
    },
    "leaflet": {
      "version": "1.2.0",
      "resolved": "https://registry.npmjs.org/leaflet/-/leaflet-1.2.0.tgz",
      "integrity": "sha512-Bold8phAE6WcRsuwhofrQ7cOK1REFHaYIkKuj7+TBYK3ONKRpGGIb5oXR5akYotFnrWN0TWKh6Svlhflm3dogg=="
    },
    "leaflet.pm": {
      "version": "0.19.0",
      "resolved": "https://registry.npmjs.org/leaflet.pm/-/leaflet.pm-0.19.0.tgz",
      "integrity": "sha512-XttF5ICLvtJI1hv1R+icNx477OzZhLQ5zYolCyRPUOmIU4SYUC/Z9jbuydDXzs2cW7L9qH5teQBp7rSfoyzjuQ==",
      "requires": {
        "@turf/difference": "4.7.3",
        "@turf/intersect": "4.7.3"
      }
    },
    "wgs84": {
      "version": "0.0.0",
      "resolved": "https://registry.npmjs.org/wgs84/-/wgs84-0.0.0.tgz",
      "integrity": "sha1-NP3FVZF7blfPKigu0ENxDASc3HY="
    }
  }
}
