{
  "requires": true,
  "lockfileVersion": 1,
  "dependencies": {
    "@mapbox/geojson-area": {
      "version": "0.2.2",
      "resolved": "https://registry.npmjs.org/@mapbox/geojson-area/-/geojson-area-0.2.2.tgz",
      "integrity": "sha1-GNeBSqNr8j+7zDefjiaiKSfevxA=",
      "requires": {
        "wgs84": "0.0.0"
      }
    },
    "@turf/area": {
      "version": "4.6.0",
      "resolved": "https://registry.npmjs.org/@turf/area/-/area-4.6.0.tgz",
      "integrity": "sha1-y6hxrb5z7W1C0UieBLC/iMZBRRQ=",
      "requires": {
        "@mapbox/geojson-area": "0.2.2",
        "@turf/meta": "4.6.0"
      }
    },
    "@turf/difference": {
      "version": "4.6.0",
      "resolved": "https://registry.npmjs.org/@turf/difference/-/difference-4.6.0.tgz",
      "integrity": "sha1-mEMaorxl573huIItYoizyw2eoP0=",
      "requires": {
        "@turf/area": "4.6.0",
        "@turf/helpers": "4.6.0",
        "@turf/invariant": "4.6.0",
        "@turf/meta": "4.6.0",
        "jsts": "1.3.0"
      }
    },
    "@turf/helpers": {
      "version": "4.6.0",
      "resolved": "https://registry.npmjs.org/@turf/helpers/-/helpers-4.6.0.tgz",
      "integrity": "sha1-EjmHM7iuKEIN9hZvpEx+6P/WQUw="
    },
    "@turf/intersect": {
      "version": "4.6.0",
      "resolved": "https://registry.npmjs.org/@turf/intersect/-/intersect-4.6.0.tgz",
      "integrity": "sha1-ucIfgfJYACx8MXVruGzd6XhlEw4=",
      "requires": {
        "jsts": "1.3.0"
      }
    },
    "@turf/invariant": {
      "version": "4.6.0",
      "resolved": "https://registry.npmjs.org/@turf/invariant/-/invariant-4.6.0.tgz",
      "integrity": "sha1-umFAHVN1Q/gcz8WI4Suw2OZT3YA="
    },
    "@turf/meta": {
      "version": "4.6.0",
      "resolved": "https://registry.npmjs.org/@turf/meta/-/meta-4.6.0.tgz",
      "integrity": "sha1-DT+aIY5Y0cXl3u30Z8MyHdYSA/M="
    },
    "clipper-lib": {
      "version": "6.2.1",
      "resolved": "https://registry.npmjs.org/clipper-lib/-/clipper-lib-6.2.1.tgz",
      "integrity": "sha1-Jm2Ox1dcWJ8F8j6c0APeUOIxF7Y="
    },
    "jsts": {
      "version": "1.3.0",
      "resolved": "https://registry.npmjs.org/jsts/-/jsts-1.3.0.tgz",
      "integrity": "sha1-6Tp2+XrJvafUYl2dZHDw1grIDkU="
    },
    "leaflet": {
      "version": "1.0.3",
      "resolved": "https://registry.npmjs.org/leaflet/-/leaflet-1.0.3.tgz",
      "integrity": "sha1-H0AbmLRcgZITTGyNaWhiU4BQB8g="
    },
    "leaflet-draw": {
      "version": "0.4.12",
      "resolved": "https://registry.npmjs.org/leaflet-draw/-/leaflet-draw-0.4.12.tgz",
      "integrity": "sha512-vvgJo9jt54ETssDZKni1hue3INU/yf/zJ6ewAshScQRLaLWQ10mWeZVtPkhk8KmxWffeOQk6keN0QoB/0W56hg=="
    },
    "leaflet.pm": {
      "version": "0.18.0",
      "resolved": "https://registry.npmjs.org/leaflet.pm/-/leaflet.pm-0.18.0.tgz",
      "integrity": "sha512-RqLQOAoUqaMER6//OI6IvlDL6+ted6AHH2woC7wygWLbPTOEvpDWBY/qDgnlFchZWqydswWSmKx8K1q8Wb747Q==",
      "requires": {
        "@turf/difference": "4.6.0",
        "@turf/intersect": "4.6.0"
      }
    },
    "ramda": {
      "version": "0.22.1",
      "resolved": "https://registry.npmjs.org/ramda/-/ramda-0.22.1.tgz",
      "integrity": "sha1-Ax2gw99BfFszyWI0dX6zcDPzag4="
    },
    "wgs84": {
      "version": "0.0.0",
      "resolved": "https://registry.npmjs.org/wgs84/-/wgs84-0.0.0.tgz",
      "integrity": "sha1-NP3FVZF7blfPKigu0ENxDASc3HY="
    }
  }
}
